
Microsoft Visual Studio Solution File, Format Version 11.00
# Visual Studio 2010
Project("{FAE04EC0-301F-11D3-BF4B-00C04F79EFBC}") = "Ants", "Ants\Ants.csproj", "{8470B0B3-6EB6-4D38-AE3E-31088E6AED2C}"
EndProject
Project("{FAE04EC0-301F-11D3-BF4B-00C04F79EFBC}") = "UserInterfaceComponents", "UserInterfaceComponents\UserInterfaceComponents.csproj", "{E14D88DE-559C-412C-83AE-4FD529774FF1}"
EndProject
Project("{FAE04EC0-301F-11D3-BF4B-00C04F79EFBC}") = "SimulationController", "SimulationController\SimulationController.csproj", "{A9781EC2-0BF2-4477-8D52-CF7CC24A8463}"
EndProject
Project("{FAE04EC0-301F-11D3-BF4B-00C04F79EFBC}") = "GroundResourceManager", "GroundResourceManager\GroundResourceManager.csproj", "{C2BE8F3A-0262-4361-83B5-F2962CC6EBBD}"
EndProject
Project("{FAE04EC0-301F-11D3-BF4B-00C04F79EFBC}") = "ColonyResourceManager", "ColonyResourceManager\ColonyResourceManager.csproj", "{44E06245-1124-4060-B365-18493ADE5BC5}"
EndProject
Project("{FAE04EC0-301F-11D3-BF4B-00C04F79EFBC}") = "SimulationViewer", "SimulationViewer\SimulationViewer.csproj", "{0AF45822-DB5C-4A94-A5CD-C8E1DC49906A}"
EndProject
Global
	GlobalSection(SolutionConfigurationPlatforms) = preSolution
		Debug|Any CPU = Debug|Any CPU
		Debug|Mixed Platforms = Debug|Mixed Platforms
		Debug|x86 = Debug|x86
		Release|Any CPU = Release|Any CPU
		Release|Mixed Platforms = Release|Mixed Platforms
		Release|x86 = Release|x86
	EndGlobalSection
	GlobalSection(ProjectConfigurationPlatforms) = postSolution
		{8470B0B3-6EB6-4D38-AE3E-31088E6AED2C}.Debug|Any CPU.ActiveCfg = Debug|Any CPU
		{8470B0B3-6EB6-4D38-AE3E-31088E6AED2C}.Debug|Any CPU.Build.0 = Debug|Any CPU
		{8470B0B3-6EB6-4D38-AE3E-31088E6AED2C}.Debug|Mixed Platforms.ActiveCfg = Debug|Any CPU
		{8470B0B3-6EB6-4D38-AE3E-31088E6AED2C}.Debug|Mixed Platforms.Build.0 = Debug|Any CPU
		{8470B0B3-6EB6-4D38-AE3E-31088E6AED2C}.Debug|x86.ActiveCfg = Debug|Any CPU
		{8470B0B3-6EB6-4D38-AE3E-31088E6AED2C}.Release|Any CPU.ActiveCfg = Release|Any CPU
		{8470B0B3-6EB6-4D38-AE3E-31088E6AED2C}.Release|Any CPU.Build.0 = Release|Any CPU
		{8470B0B3-6EB6-4D38-AE3E-31088E6AED2C}.Release|Mixed Platforms.ActiveCfg = Release|Any CPU
		{8470B0B3-6EB6-4D38-AE3E-31088E6AED2C}.Release|Mixed Platforms.Build.0 = Release|Any CPU
		{8470B0B3-6EB6-4D38-AE3E-31088E6AED2C}.Release|x86.ActiveCfg = Release|Any CPU
		{E14D88DE-559C-412C-83AE-4FD529774FF1}.Debug|Any CPU.ActiveCfg = Debug|Any CPU
		{E14D88DE-559C-412C-83AE-4FD529774FF1}.Debug|Any CPU.Build.0 = Debug|Any CPU
		{E14D88DE-559C-412C-83AE-4FD529774FF1}.Debug|Mixed Platforms.ActiveCfg = Debug|Any CPU
		{E14D88DE-559C-412C-83AE-4FD529774FF1}.Debug|Mixed Platforms.Build.0 = Debug|Any CPU
		{E14D88DE-559C-412C-83AE-4FD529774FF1}.Debug|x86.ActiveCfg = Debug|Any CPU
		{E14D88DE-559C-412C-83AE-4FD529774FF1}.Release|Any CPU.ActiveCfg = Release|Any CPU
		{E14D88DE-559C-412C-83AE-4FD529774FF1}.Release|Any CPU.Build.0 = Release|Any CPU
		{E14D88DE-559C-412C-83AE-4FD529774FF1}.Release|Mixed Platforms.ActiveCfg = Release|Any CPU
		{E14D88DE-559C-412C-83AE-4FD529774FF1}.Release|Mixed Platforms.Build.0 = Release|Any CPU
		{E14D88DE-559C-412C-83AE-4FD529774FF1}.Release|x86.ActiveCfg = Release|Any CPU
		{A9781EC2-0BF2-4477-8D52-CF7CC24A8463}.Debug|Any CPU.ActiveCfg = Debug|Any CPU
		{A9781EC2-0BF2-4477-8D52-CF7CC24A8463}.Debug|Any CPU.Build.0 = Debug|Any CPU
		{A9781EC2-0BF2-4477-8D52-CF7CC24A8463}.Debug|Mixed Platforms.ActiveCfg = Debug|Any CPU
		{A9781EC2-0BF2-4477-8D52-CF7CC24A8463}.Debug|Mixed Platforms.Build.0 = Debug|Any CPU
		{A9781EC2-0BF2-4477-8D52-CF7CC24A8463}.Debug|x86.ActiveCfg = Debug|Any CPU
		{A9781EC2-0BF2-4477-8D52-CF7CC24A8463}.Release|Any CPU.ActiveCfg = Release|Any CPU
		{A9781EC2-0BF2-4477-8D52-CF7CC24A8463}.Release|Any CPU.Build.0 = Release|Any CPU
		{A9781EC2-0BF2-4477-8D52-CF7CC24A8463}.Release|Mixed Platforms.ActiveCfg = Release|Any CPU
		{A9781EC2-0BF2-4477-8D52-CF7CC24A8463}.Release|Mixed Platforms.Build.0 = Release|Any CPU
		{A9781EC2-0BF2-4477-8D52-CF7CC24A8463}.Release|x86.ActiveCfg = Release|Any CPU
		{C2BE8F3A-0262-4361-83B5-F2962CC6EBBD}.Debug|Any CPU.ActiveCfg = Debug|x86
		{C2BE8F3A-0262-4361-83B5-F2962CC6EBBD}.Debug|Mixed Platforms.ActiveCfg = Debug|x86
		{C2BE8F3A-0262-4361-83B5-F2962CC6EBBD}.Debug|Mixed Platforms.Build.0 = Debug|x86
		{C2BE8F3A-0262-4361-83B5-F2962CC6EBBD}.Debug|x86.ActiveCfg = Debug|x86
		{C2BE8F3A-0262-4361-83B5-F2962CC6EBBD}.Debug|x86.Build.0 = Debug|x86
		{C2BE8F3A-0262-4361-83B5-F2962CC6EBBD}.Release|Any CPU.ActiveCfg = Release|x86
		{C2BE8F3A-0262-4361-83B5-F2962CC6EBBD}.Release|Mixed Platforms.ActiveCfg = Release|x86
		{C2BE8F3A-0262-4361-83B5-F2962CC6EBBD}.Release|Mixed Platforms.Build.0 = Release|x86
		{C2BE8F3A-0262-4361-83B5-F2962CC6EBBD}.Release|x86.ActiveCfg = Release|x86
		{C2BE8F3A-0262-4361-83B5-F2962CC6EBBD}.Release|x86.Build.0 = Release|x86
		{44E06245-1124-4060-B365-18493ADE5BC5}.Debug|Any CPU.ActiveCfg = Debug|x86
		{44E06245-1124-4060-B365-18493ADE5BC5}.Debug|Mixed Platforms.ActiveCfg = Debug|x86
		{44E06245-1124-4060-B365-18493ADE5BC5}.Debug|Mixed Platforms.Build.0 = Debug|x86
		{44E06245-1124-4060-B365-18493ADE5BC5}.Debug|x86.ActiveCfg = Debug|x86
		{44E06245-1124-4060-B365-18493ADE5BC5}.Debug|x86.Build.0 = Debug|x86
		{44E06245-1124-4060-B365-18493ADE5BC5}.Release|Any CPU.ActiveCfg = Release|x86
		{44E06245-1124-4060-B365-18493ADE5BC5}.Release|Mixed Platforms.ActiveCfg = Release|x86
		{44E06245-1124-4060-B365-18493ADE5BC5}.Release|Mixed Platforms.Build.0 = Release|x86
		{44E06245-1124-4060-B365-18493ADE5BC5}.Release|x86.ActiveCfg = Release|x86
		{44E06245-1124-4060-B365-18493ADE5BC5}.Release|x86.Build.0 = Release|x86
		{0AF45822-DB5C-4A94-A5CD-C8E1DC49906A}.Debug|Any CPU.ActiveCfg = Debug|x86
		{0AF45822-DB5C-4A94-A5CD-C8E1DC49906A}.Debug|Mixed Platforms.ActiveCfg = Debug|x86
		{0AF45822-DB5C-4A94-A5CD-C8E1DC49906A}.Debug|Mixed Platforms.Build.0 = Debug|x86
		{0AF45822-DB5C-4A94-A5CD-C8E1DC49906A}.Debug|x86.ActiveCfg = Debug|x86
		{0AF45822-DB5C-4A94-A5CD-C8E1DC49906A}.Debug|x86.Build.0 = Debug|x86
		{0AF45822-DB5C-4A94-A5CD-C8E1DC49906A}.Release|Any CPU.ActiveCfg = Release|x86
		{0AF45822-DB5C-4A94-A5CD-C8E1DC49906A}.Release|Mixed Platforms.ActiveCfg = Release|x86
		{0AF45822-DB5C-4A94-A5CD-C8E1DC49906A}.Release|Mixed Platforms.Build.0 = Release|x86
		{0AF45822-DB5C-4A94-A5CD-C8E1DC49906A}.Release|x86.ActiveCfg = Release|x86
		{0AF45822-DB5C-4A94-A5CD-C8E1DC49906A}.Release|x86.Build.0 = Release|x86
	EndGlobalSection
	GlobalSection(SolutionProperties) = preSolution
		HideSolutionNode = FALSE
	EndGlobalSection
EndGlobal
